// !$*UTF8*$!
{
	archiveVersion = 1;
	classes = {
	};
	objectVersion = 60;
	objects = {

/* Begin PBXBuildFile section */
		0204381443158DD26062FA64 /* RecordingView.swift in Sources */ = {isa = PBXBuildFile; fileRef = 8A18DD96CD727F2765250858 /* RecordingView.swift */; };
		0204381443158DD26062FB01 /* QuickRecordingView.swift in Sources */ = {isa = PBXBuildFile; fileRef = 8A18DD96CD727F2765250901 /* QuickRecordingView.swift */; };
		AA0000000000000000000203 /* tr-TR.bkr in Resources */ = {isa = PBXBuildFile; fileRef = AA0000000000000000000206 /* tr-TR.bkr */; };
		AA0000000000000000000204 /* tr-TR.bkr in Resources */ = {isa = PBXBuildFile; fileRef = AA0000000000000000000206 /* tr-TR.bkr */; };
		AA0000000000000000000300 /* tr-TR.bkc in Resources */ = {isa = PBXBuildFile; fileRef = AA0000000000000000000302 /* tr-TR.bkc */; };
		AA0000000000000000000301 /* tr-TR.bkc in Resources */ = {isa = PBXBuildFile; fileRef = AA0000000000000000000302 /* tr-TR.bkc */; };
		AA0000000000000000000400 /* en-US.bkt in Resources */ = {isa = PBXBuildFile; fileRef = AA0000000000000000000402 /* en-US.bkt */; };
		AA0000000000000000000401 /* en-US.bkt in Resources */ = {isa = PBXBuildFile; fileRef = AA0000000000000000000402 /* en-US.bkt */; };
		AA0000000000000000000503 /* tr-TR.bkx in Resources */ = {isa = PBXBuildFile; fileRef = AA0000000000000000000505 /* tr-TR.bkx */; };
		AA0000000000000000000504 /* tr-TR.bkx in Resources */ = {isa = PBXBuildFile; fileRef = AA0000000000000000000505 /* tr-TR.bkx */; };
		AA0000000000000000000600 /* en-US.bkc in Resources */ = {isa = PBXBuildFile; fileRef = AA0000000000000000000602 /* en-US.bkc */; };
		AA0000000000000000000601 /* en-US.bkc in Resources */ = {isa = PBXBuildFile; fileRef = AA0000000000000000000602 /* en-US.bkc */; };
		AA0000000000000000000801 /* KeyboardTheme.swift in Sources */ = {isa = PBXBuildFile; fileRef = AA0000000000000000000800 /* KeyboardTheme.swift */; };
		AA0000000000000000000802 /* KeyboardTheme.swift in Sources */ = {isa = PBXBuildFile; fileRef = AA0000000000000000000800 /* KeyboardTheme.swift */; };
		AA0000000000000000000811 /* KeyboardSettings.swift in Sources */ = {isa = PBXBuildFile; fileRef = AA0000000000000000000810 /* KeyboardSettings.swift */; };
		AA0000000000000000000812 /* KeyboardSettings.swift in Sources */ = {isa = PBXBuildFile; fileRef = AA0000000000000000000810 /* KeyboardSettings.swift */; };
		AA0000000000000000000821 /* KeyboardSettingsPanel.swift in Sources */ = {isa = PBXBuildFile; fileRef = AA0000000000000000000820 /* KeyboardSettingsPanel.swift */; };
		AA0000000000000000000822 /* KeyboardSettingsPanel.swift in Sources */ = {isa = PBXBuildFile; fileRef = AA0000000000000000000820 /* KeyboardSettingsPanel.swift */; };
		AA0000000000000000000831 /* SettingsView.swift in Sources */ = {isa = PBXBuildFile; fileRef = AA0000000000000000000830 /* SettingsView.swift */; };
		AA0000000000000000000841 /* EmojiPanel.swift in Sources */ = {isa = PBXBuildFile; fileRef = AA0000000000000000000840 /* EmojiPanel.swift */; };
		AA0000000000000000000851 /* EmojiRecentsStore.swift in Sources */ = {isa = PBXBuildFile; fileRef = AA0000000000000000000850 /* EmojiRecentsStore.swift */; };
		AA0000000000000000000861 /* Resources/manzara.jpg in Resources */ = {isa = PBXBuildFile; fileRef = AA0000000000000000000860 /* Resources/manzara.jpg */; };
		AA0000000000000000000862 /* Resources/manzara.jpg in Resources */ = {isa = PBXBuildFile; fileRef = AA0000000000000000000860 /* Resources/manzara.jpg */; };
		AA00000000000000000050 /* BestKeyboardApp.swift in Sources */ = {isa = PBXBuildFile; fileRef = AA00000000000000000040 /* BestKeyboardApp.swift */; };
		AA00000000000000000051 /* KeyboardViewController.swift in Sources */ = {isa = PBXBuildFile; fileRef = AA00000000000000000042 /* KeyboardViewController.swift */; };
		AA00000000000000000052 /* KeyboardView.swift in Sources */ = {isa = PBXBuildFile; fileRef = AA00000000000000000043 /* KeyboardView.swift */; };
		AA00000000000000000053 /* tr-TR.bkt in Resources */ = {isa = PBXBuildFile; fileRef = AA00000000000000000045 /* tr-TR.bkt */; };
		AA00000000000000000054 /* BestKeyboardExtension.appex in Embed Foundation Extensions */ = {isa = PBXBuildFile; fileRef = AA00000000000000000031 /* BestKeyboardExtension.appex */; settings = {ATTRIBUTES = (RemoveHeadersOnCopy, ); }; };
		AA00000000000000000055 /* KeyboardHarness.swift in Sources */ = {isa = PBXBuildFile; fileRef = AA00000000000000000046 /* KeyboardHarness.swift */; };
		AA00000000000000000056 /* KeyboardView.swift in Sources */ = {isa = PBXBuildFile; fileRef = AA00000000000000000043 /* KeyboardView.swift */; };
		AA00000000000000000057 /* tr-TR.bkt in Resources */ = {isa = PBXBuildFile; fileRef = AA00000000000000000045 /* tr-TR.bkt */; };
		AA00000000000000000058 /* DecodeUITests.swift in Sources */ = {isa = PBXBuildFile; fileRef = AA00000000000000000047 /* DecodeUITests.swift */; };
		AA00000000000000000059 /* LicensesView.swift in Sources */ = {isa = PBXBuildFile; fileRef = AA00000000000000000048 /* LicensesView.swift */; };
		AA00000000000000000093 /* KeyboardCore in Frameworks */ = {isa = PBXBuildFile; productRef = AA00000000000000000092 /* KeyboardCore */; };
		AA00000000000000000094 /* KeyboardCore in Frameworks */ = {isa = PBXBuildFile; productRef = AA00000000000000000095 /* KeyboardCore */; };
		AA00000000000000000097 /* AccessibilityUITests.swift in Sources */ = {isa = PBXBuildFile; fileRef = AA00000000000000000096 /* AccessibilityUITests.swift */; };
		BB0592AB578905181EAF4044 /* Resources/Sounds/tik.wav in Resources */ = {isa = PBXBuildFile; fileRef = BB418DE102F4929E2594EBAD /* Resources/Sounds/tik.wav */; };
		BB07270797AE5E570E02015C /* Resources/AppIcons/perplexity.png in Resources */ = {isa = PBXBuildFile; fileRef = BB943F60EAB5C755720CB87F /* Resources/AppIcons/perplexity.png */; };
		BB0BB223B3C2B8339572229F /* Resources/AppIcons/deepseek.png in Resources */ = {isa = PBXBuildFile; fileRef = BBF621FE0C5260547031F08F /* Resources/AppIcons/deepseek.png */; };
		BB0EC999AC41D8F5410F42DF /* Resources/Sounds/mekanik.wav in Resources */ = {isa = PBXBuildFile; fileRef = BBEB25C1BD71588E6FB77C24 /* Resources/Sounds/mekanik.wav */; };
		BB101EDCF9360C8ADDADA7FF /* Shortcuts.swift in Sources */ = {isa = PBXBuildFile; fileRef = BB802AD0970919299831F98B /* Shortcuts.swift */; };
		BB2026A9C1F1AC6016EAE82E /* Resources/Sounds/mekanik.wav in Resources */ = {isa = PBXBuildFile; fileRef = BBEB25C1BD71588E6FB77C24 /* Resources/Sounds/mekanik.wav */; };
		BB25433184106CBD151E67F4 /* Resources/Sounds/damla.wav in Resources */ = {isa = PBXBuildFile; fileRef = BBBB9CE9303B96E4EB10B1B3 /* Resources/Sounds/damla.wav */; };
		BB268E214D0462EAF9DA1A14 /* KeySound.swift in Sources */ = {isa = PBXBuildFile; fileRef = BB5BC3C1411E380E9F4D8F00 /* KeySound.swift */; };
		BB298B35ED325CA2B6666695 /* Resources/AppIcons/claude.png in Resources */ = {isa = PBXBuildFile; fileRef = BBA06F9FF4E52A78FFD3B4A1 /* Resources/AppIcons/claude.png */; };
		BB3B7FD4BD37AFFDF385FBBD /* Resources/AppIcons/gemini.png in Resources */ = {isa = PBXBuildFile; fileRef = BBB0C8BA2F16F1BDEDD7EE9B /* Resources/AppIcons/gemini.png */; };
		BB3CBB0098BA3FE494849B43 /* Resources/AppIcons/perplexity.png in Resources */ = {isa = PBXBuildFile; fileRef = BB943F60EAB5C755720CB87F /* Resources/AppIcons/perplexity.png */; };
		BB3E0558C8558154BCA27885 /* Resources/AppIcons/chatgpt.png in Resources */ = {isa = PBXBuildFile; fileRef = BB08E9CD00845B2C2316130B /* Resources/AppIcons/chatgpt.png */; };
		BB3F816006BC43B6546A8B44 /* Resources/AppIcons/chatgpt.png in Resources */ = {isa = PBXBuildFile; fileRef = BB08E9CD00845B2C2316130B /* Resources/AppIcons/chatgpt.png */; };
		BB5FF124226726E5E0184FAB /* Resources/Sounds/yumusak.wav in Resources */ = {isa = PBXBuildFile; fileRef = BBDF0865791B66F26E874BB8 /* Resources/Sounds/yumusak.wav */; };
		BB625E8851A033790B940B39 /* Resources/Sounds/damla.wav in Resources */ = {isa = PBXBuildFile; fileRef = BBBB9CE9303B96E4EB10B1B3 /* Resources/Sounds/damla.wav */; };
		BB8C55B1C138761922B57C60 /* Resources/Sounds/yumusak.wav in Resources */ = {isa = PBXBuildFile; fileRef = BBDF0865791B66F26E874BB8 /* Resources/Sounds/yumusak.wav */; };
		BB99E2927C62A4AB8F4F4DA7 /* Resources/Sounds/tik.wav in Resources */ = {isa = PBXBuildFile; fileRef = BB418DE102F4929E2594EBAD /* Resources/Sounds/tik.wav */; };
		BB9BF0CC960F83ACE925FCE2 /* Resources/Sounds/daktilo.wav in Resources */ = {isa = PBXBuildFile; fileRef = BB892BA918DA867509961F5C /* Resources/Sounds/daktilo.wav */; };
		BBAC138CADAECEE9CFB0DD9F /* Resources/AppIcons/deepseek.png in Resources */ = {isa = PBXBuildFile; fileRef = BBF621FE0C5260547031F08F /* Resources/AppIcons/deepseek.png */; };
		BBACB3E4DF8160D628F01E06 /* Shortcuts.swift in Sources */ = {isa = PBXBuildFile; fileRef = BB802AD0970919299831F98B /* Shortcuts.swift */; };
		BBADFE0EC1F07D2BA53E37AB /* ChatImport.swift in Sources */ = {isa = PBXBuildFile; fileRef = BB6AEB4BFC8BEF0D55CBE27D /* ChatImport.swift */; };
		BBC11EEB885E36A88CA4C9C2 /* ClipboardPanel.swift in Sources */ = {isa = PBXBuildFile; fileRef = BB7487B438C72AE87F06C1A4 /* ClipboardPanel.swift */; };
		BBC3C6AE99DDA2BBBD159617 /* AppScreens.swift in Sources */ = {isa = PBXBuildFile; fileRef = BB6F4C4A0930C7EE835B16D6 /* AppScreens.swift */; };
		BBDBA29CD2A578EB3170FB0B /* KeySound.swift in Sources */ = {isa = PBXBuildFile; fileRef = BB5BC3C1411E380E9F4D8F00 /* KeySound.swift */; };
		BBEA4A0D6C6E6D659E4B5A00 /* Resources/AppIcons/claude.png in Resources */ = {isa = PBXBuildFile; fileRef = BBA06F9FF4E52A78FFD3B4A1 /* Resources/AppIcons/claude.png */; };
		BBF7BDB3F957322455868F68 /* Resources/Sounds/daktilo.wav in Resources */ = {isa = PBXBuildFile; fileRef = BB892BA918DA867509961F5C /* Resources/Sounds/daktilo.wav */; };
		BBF9640F190F54D8E04C61A3 /* Resources/AppIcons/gemini.png in Resources */ = {isa = PBXBuildFile; fileRef = BBB0C8BA2F16F1BDEDD7EE9B /* Resources/AppIcons/gemini.png */; };
		FAD5C554623E3EB4B29540D8 /* PromptCorpus.swift in Sources */ = {isa = PBXBuildFile; fileRef = 9EEF543EF07E455AD3F248CC /* PromptCorpus.swift */; };
		BBE81820605CDD77268B4D8B /* ThemeEditor.swift in Sources */ = {isa = PBXBuildFile; fileRef = BB40DA442565FB7A0C75D9E7 /* ThemeEditor.swift */; };
		BB28B1B3463C14B3D7663391 /* Dictation.swift in Sources */ = {isa = PBXBuildFile; fileRef = BBD3365066322303E058DC6C /* Dictation.swift */; };
		BB0EB60FF29D95D843120353 /* Media.swift in Sources */ = {isa = PBXBuildFile; fileRef = BBC4F453AA985004E4F41BEB /* Media.swift */; };
		BB0A64198FE486AC32EAAD96 /* Media.swift in Sources */ = {isa = PBXBuildFile; fileRef = BBC4F453AA985004E4F41BEB /* Media.swift */; };
		BB73C8D08217D3277D44BB71 /* Studio.swift in Sources */ = {isa = PBXBuildFile; fileRef = BBD98757852ED002AFBC3958 /* Studio.swift */; };
		BB3E071BC3CB08E9D2826452 /* MediaPanel.swift in Sources */ = {isa = PBXBuildFile; fileRef = BBE8C3A250932332667ED644 /* MediaPanel.swift */; };
/* End PBXBuildFile section */

/* Begin PBXContainerItemProxy section */
		AA00000000000000000016 /* PBXContainerItemProxy */ = {
			isa = PBXContainerItemProxy;
			containerPortal = AA00000000000000000001 /* Project object */;
			proxyType = 1;
			remoteGlobalIDString = AA00000000000000000011;
			remoteInfo = BestKeyboardExtension;
		};
		AA00000000000000000018 /* PBXContainerItemProxy */ = {
			isa = PBXContainerItemProxy;
			containerPortal = AA00000000000000000001 /* Project object */;
			proxyType = 1;
			remoteGlobalIDString = AA00000000000000000010;
			remoteInfo = BestKeyboard;
		};
/* End PBXContainerItemProxy section */

/* Begin PBXCopyFilesBuildPhase section */
		AA00000000000000000063 /* Embed Foundation Extensions */ = {
			isa = PBXCopyFilesBuildPhase;
			buildActionMask = 2147483647;
			dstPath = "";
			dstSubfolderSpec = 13;
			files = (
				AA00000000000000000054 /* BestKeyboardExtension.appex in Embed Foundation Extensions */,
			);
			name = "Embed Foundation Extensions";
			runOnlyForDeploymentPostprocessing = 0;
		};
/* End PBXCopyFilesBuildPhase section */

/* Begin PBXFileReference section */
		8A18DD96CD727F2765250858 /* RecordingView.swift */ = {isa = PBXFileReference; lastKnownFileType = sourcecode.swift; path = RecordingView.swift; sourceTree = "<group>"; };
		8A18DD96CD727F2765250901 /* QuickRecordingView.swift */ = {isa = PBXFileReference; lastKnownFileType = sourcecode.swift; path = QuickRecordingView.swift; sourceTree = "<group>"; };
		9EEF543EF07E455AD3F248CC /* PromptCorpus.swift */ = {isa = PBXFileReference; lastKnownFileType = sourcecode.swift; path = PromptCorpus.swift; sourceTree = "<group>"; };
		AA0000000000000000000206 /* tr-TR.bkr */ = {isa = PBXFileReference; lastKnownFileType = file; name = "tr-TR.bkr"; path = "../LanguagePacks/tr-TR/tr-TR.bkr"; sourceTree = SOURCE_ROOT; };
		AA0000000000000000000302 /* tr-TR.bkc */ = {isa = PBXFileReference; lastKnownFileType = file; name = "tr-TR.bkc"; path = "../LanguagePacks/tr-TR/tr-TR.bkc"; sourceTree = SOURCE_ROOT; };
		AA0000000000000000000402 /* en-US.bkt */ = {isa = PBXFileReference; lastKnownFileType = file; name = "en-US.bkt"; path = "../LanguagePacks/en-US/en-US.bkt"; sourceTree = SOURCE_ROOT; };
		AA0000000000000000000505 /* tr-TR.bkx */ = {isa = PBXFileReference; lastKnownFileType = file; name = "tr-TR.bkx"; path = "../LanguagePacks/tr-TR/tr-TR.bkx"; sourceTree = SOURCE_ROOT; };
		AA0000000000000000000602 /* en-US.bkc */ = {isa = PBXFileReference; lastKnownFileType = file; name = "en-US.bkc"; path = "../LanguagePacks/en-US/en-US.bkc"; sourceTree = SOURCE_ROOT; };
		AA0000000000000000000800 /* KeyboardTheme.swift */ = {isa = PBXFileReference; lastKnownFileType = sourcecode.swift; path = KeyboardTheme.swift; sourceTree = "<group>"; };
		AA0000000000000000000810 /* KeyboardSettings.swift */ = {isa = PBXFileReference; lastKnownFileType = sourcecode.swift; path = KeyboardSettings.swift; sourceTree = "<group>"; };
		AA0000000000000000000820 /* KeyboardSettingsPanel.swift */ = {isa = PBXFileReference; lastKnownFileType = sourcecode.swift; path = KeyboardSettingsPanel.swift; sourceTree = "<group>"; };
		AA0000000000000000000830 /* SettingsView.swift */ = {isa = PBXFileReference; lastKnownFileType = sourcecode.swift; path = SettingsView.swift; sourceTree = "<group>"; };
		AA0000000000000000000840 /* EmojiPanel.swift */ = {isa = PBXFileReference; lastKnownFileType = sourcecode.swift; path = EmojiPanel.swift; sourceTree = "<group>"; };
		AA0000000000000000000850 /* EmojiRecentsStore.swift */ = {isa = PBXFileReference; lastKnownFileType = sourcecode.swift; path = EmojiRecentsStore.swift; sourceTree = "<group>"; };
		AA0000000000000000000860 /* Resources/manzara.jpg */ = {isa = PBXFileReference; lastKnownFileType = image.jpeg; path = Resources/manzara.jpg; sourceTree = "<group>"; };
		AA00000000000000000030 /* BestKeyboard.app */ = {isa = PBXFileReference; explicitFileType = wrapper.application; includeInIndex = 0; path = BestKeyboard.app; sourceTree = BUILT_PRODUCTS_DIR; };
		AA00000000000000000031 /* BestKeyboardExtension.appex */ = {isa = PBXFileReference; explicitFileType = "wrapper.app-extension"; includeInIndex = 0; path = BestKeyboardExtension.appex; sourceTree = BUILT_PRODUCTS_DIR; };
		AA00000000000000000032 /* BestKeyboardUITests.xctest */ = {isa = PBXFileReference; explicitFileType = wrapper.cfbundle; includeInIndex = 0; path = BestKeyboardUITests.xctest; sourceTree = BUILT_PRODUCTS_DIR; };
		AA00000000000000000040 /* BestKeyboardApp.swift */ = {isa = PBXFileReference; lastKnownFileType = sourcecode.swift; path = BestKeyboardApp.swift; sourceTree = "<group>"; };
		AA00000000000000000041 /* Info.plist */ = {isa = PBXFileReference; lastKnownFileType = text.plist.xml; path = Info.plist; sourceTree = "<group>"; };
		AA00000000000000000042 /* KeyboardViewController.swift */ = {isa = PBXFileReference; lastKnownFileType = sourcecode.swift; path = KeyboardViewController.swift; sourceTree = "<group>"; };
		AA00000000000000000043 /* KeyboardView.swift */ = {isa = PBXFileReference; lastKnownFileType = sourcecode.swift; path = KeyboardView.swift; sourceTree = "<group>"; };
		AA00000000000000000044 /* Info.plist */ = {isa = PBXFileReference; lastKnownFileType = text.plist.xml; path = Info.plist; sourceTree = "<group>"; };
		AA00000000000000000045 /* tr-TR.bkt */ = {isa = PBXFileReference; lastKnownFileType = file; name = "tr-TR.bkt"; path = "../LanguagePacks/tr-TR/tr-TR.bkt"; sourceTree = SOURCE_ROOT; };
		AA00000000000000000046 /* KeyboardHarness.swift */ = {isa = PBXFileReference; lastKnownFileType = sourcecode.swift; path = KeyboardHarness.swift; sourceTree = "<group>"; };
		AA00000000000000000047 /* DecodeUITests.swift */ = {isa = PBXFileReference; lastKnownFileType = sourcecode.swift; path = DecodeUITests.swift; sourceTree = "<group>"; };
		AA00000000000000000048 /* LicensesView.swift */ = {isa = PBXFileReference; lastKnownFileType = sourcecode.swift; path = LicensesView.swift; sourceTree = "<group>"; };
		AA00000000000000000096 /* AccessibilityUITests.swift */ = {isa = PBXFileReference; lastKnownFileType = sourcecode.swift; path = AccessibilityUITests.swift; sourceTree = "<group>"; };
		BB08E9CD00845B2C2316130B /* Resources/AppIcons/chatgpt.png */ = {isa = PBXFileReference; lastKnownFileType = image.png; path = Resources/AppIcons/chatgpt.png; sourceTree = "<group>"; };
		BB418DE102F4929E2594EBAD /* Resources/Sounds/tik.wav */ = {isa = PBXFileReference; lastKnownFileType = audio.wav; path = Resources/Sounds/tik.wav; sourceTree = "<group>"; };
		BB5BC3C1411E380E9F4D8F00 /* KeySound.swift */ = {isa = PBXFileReference; lastKnownFileType = sourcecode.swift; path = KeySound.swift; sourceTree = "<group>"; };
		BB6AEB4BFC8BEF0D55CBE27D /* ChatImport.swift */ = {isa = PBXFileReference; lastKnownFileType = sourcecode.swift; path = ChatImport.swift; sourceTree = "<group>"; };
		BB6F4C4A0930C7EE835B16D6 /* AppScreens.swift */ = {isa = PBXFileReference; lastKnownFileType = sourcecode.swift; path = AppScreens.swift; sourceTree = "<group>"; };
		BB7487B438C72AE87F06C1A4 /* ClipboardPanel.swift */ = {isa = PBXFileReference; lastKnownFileType = sourcecode.swift; path = ClipboardPanel.swift; sourceTree = "<group>"; };
		BB802AD0970919299831F98B /* Shortcuts.swift */ = {isa = PBXFileReference; lastKnownFileType = sourcecode.swift; path = Shortcuts.swift; sourceTree = "<group>"; };
		BB892BA918DA867509961F5C /* Resources/Sounds/daktilo.wav */ = {isa = PBXFileReference; lastKnownFileType = audio.wav; path = Resources/Sounds/daktilo.wav; sourceTree = "<group>"; };
		BB943F60EAB5C755720CB87F /* Resources/AppIcons/perplexity.png */ = {isa = PBXFileReference; lastKnownFileType = image.png; path = Resources/AppIcons/perplexity.png; sourceTree = "<group>"; };
		BBA06F9FF4E52A78FFD3B4A1 /* Resources/AppIcons/claude.png */ = {isa = PBXFileReference; lastKnownFileType = image.png; path = Resources/AppIcons/claude.png; sourceTree = "<group>"; };
		BBB0C8BA2F16F1BDEDD7EE9B /* Resources/AppIcons/gemini.png */ = {isa = PBXFileReference; lastKnownFileType = image.png; path = Resources/AppIcons/gemini.png; sourceTree = "<group>"; };
		BBBB9CE9303B96E4EB10B1B3 /* Resources/Sounds/damla.wav */ = {isa = PBXFileReference; lastKnownFileType = audio.wav; path = Resources/Sounds/damla.wav; sourceTree = "<group>"; };
		BBDF0865791B66F26E874BB8 /* Resources/Sounds/yumusak.wav */ = {isa = PBXFileReference; lastKnownFileType = audio.wav; path = Resources/Sounds/yumusak.wav; sourceTree = "<group>"; };
		BBEB25C1BD71588E6FB77C24 /* Resources/Sounds/mekanik.wav */ = {isa = PBXFileReference; lastKnownFileType = audio.wav; path = Resources/Sounds/mekanik.wav; sourceTree = "<group>"; };
		BBF621FE0C5260547031F08F /* Resources/AppIcons/deepseek.png */ = {isa = PBXFileReference; lastKnownFileType = image.png; path = Resources/AppIcons/deepseek.png; sourceTree = "<group>"; };
		BB40DA442565FB7A0C75D9E7 /* ThemeEditor.swift */ = {isa = PBXFileReference; lastKnownFileType = sourcecode.swift; path = ThemeEditor.swift; sourceTree = "<group>"; };
		BBD3365066322303E058DC6C /* Dictation.swift */ = {isa = PBXFileReference; lastKnownFileType = sourcecode.swift; path = Dictation.swift; sourceTree = "<group>"; };
		BBC4F453AA985004E4F41BEB /* Media.swift */ = {isa = PBXFileReference; lastKnownFileType = sourcecode.swift; path = Media.swift; sourceTree = "<group>"; };
		BBD98757852ED002AFBC3958 /* Studio.swift */ = {isa = PBXFileReference; lastKnownFileType = sourcecode.swift; path = Studio.swift; sourceTree = "<group>"; };
		BBE8C3A250932332667ED644 /* MediaPanel.swift */ = {isa = PBXFileReference; lastKnownFileType = sourcecode.swift; path = MediaPanel.swift; sourceTree = "<group>"; };
/* End PBXFileReference section */

/* Begin PBXFrameworksBuildPhase section */
		AA00000000000000000061 /* Frameworks */ = {
			isa = PBXFrameworksBuildPhase;
			buildActionMask = 2147483647;
			files = (
				AA00000000000000000094 /* KeyboardCore in Frameworks */,
			);
			runOnlyForDeploymentPostprocessing = 0;
		};
		AA00000000000000000065 /* Frameworks */ = {
			isa = PBXFrameworksBuildPhase;
			buildActionMask = 2147483647;
			files = (
				AA00000000000000000093 /* KeyboardCore in Frameworks */,
			);
			runOnlyForDeploymentPostprocessing = 0;
		};
/* End PBXFrameworksBuildPhase section */

/* Begin PBXGroup section */
		AA00000000000000000020 = {
			isa = PBXGroup;
			children = (
				AA00000000000000000022 /* BestKeyboard */,
				AA00000000000000000023 /* BestKeyboardExtension */,
				AA00000000000000000025 /* BestKeyboardUITests */,
				AA00000000000000000024 /* LanguagePacks */,
				AA00000000000000000021 /* Products */,
			);
			sourceTree = "<group>";
		};
		AA00000000000000000021 /* Products */ = {
			isa = PBXGroup;
			children = (
				AA00000000000000000030 /* BestKeyboard.app */,
				AA00000000000000000031 /* BestKeyboardExtension.appex */,
				AA00000000000000000032 /* BestKeyboardUITests.xctest */,
			);
			name = Products;
			sourceTree = "<group>";
		};
		AA00000000000000000022 /* BestKeyboard */ = {
			isa = PBXGroup;
			children = (
				BBD98757852ED002AFBC3958 /* Studio.swift */,
				BBD3365066322303E058DC6C /* Dictation.swift */,
				BB40DA442565FB7A0C75D9E7 /* ThemeEditor.swift */,
				BB6AEB4BFC8BEF0D55CBE27D /* ChatImport.swift */,
				BB6F4C4A0930C7EE835B16D6 /* AppScreens.swift */,
				AA00000000000000000040 /* BestKeyboardApp.swift */,
				AA00000000000000000046 /* KeyboardHarness.swift */,
				AA00000000000000000048 /* LicensesView.swift */,
				AA0000000000000000000830 /* SettingsView.swift */,
				9EEF543EF07E455AD3F248CC /* PromptCorpus.swift */,
				8A18DD96CD727F2765250858 /* RecordingView.swift */,
				8A18DD96CD727F2765250901 /* QuickRecordingView.swift */,
				AA00000000000000000041 /* Info.plist */,
			);
			path = BestKeyboard;
			sourceTree = "<group>";
		};
		AA00000000000000000023 /* BestKeyboardExtension */ = {
			isa = PBXGroup;
			children = (
				BBE8C3A250932332667ED644 /* MediaPanel.swift */,
				BBC4F453AA985004E4F41BEB /* Media.swift */,
				BBF621FE0C5260547031F08F /* Resources/AppIcons/deepseek.png */,
				BB943F60EAB5C755720CB87F /* Resources/AppIcons/perplexity.png */,
				BBB0C8BA2F16F1BDEDD7EE9B /* Resources/AppIcons/gemini.png */,
				BBA06F9FF4E52A78FFD3B4A1 /* Resources/AppIcons/claude.png */,
				BB08E9CD00845B2C2316130B /* Resources/AppIcons/chatgpt.png */,
				BB802AD0970919299831F98B /* Shortcuts.swift */,
				BB7487B438C72AE87F06C1A4 /* ClipboardPanel.swift */,
				BB5BC3C1411E380E9F4D8F00 /* KeySound.swift */,
				BBBB9CE9303B96E4EB10B1B3 /* Resources/Sounds/damla.wav */,
				BB892BA918DA867509961F5C /* Resources/Sounds/daktilo.wav */,
				BBEB25C1BD71588E6FB77C24 /* Resources/Sounds/mekanik.wav */,
				BBDF0865791B66F26E874BB8 /* Resources/Sounds/yumusak.wav */,
				BB418DE102F4929E2594EBAD /* Resources/Sounds/tik.wav */,
				AA00000000000000000042 /* KeyboardViewController.swift */,
				AA00000000000000000043 /* KeyboardView.swift */,
				AA0000000000000000000800 /* KeyboardTheme.swift */,
				AA0000000000000000000810 /* KeyboardSettings.swift */,
				AA0000000000000000000820 /* KeyboardSettingsPanel.swift */,
				AA0000000000000000000840 /* EmojiPanel.swift */,
				AA0000000000000000000850 /* EmojiRecentsStore.swift */,
				AA0000000000000000000860 /* Resources/manzara.jpg */,
				AA00000000000000000044 /* Info.plist */,
			);
			path = BestKeyboardExtension;
			sourceTree = "<group>";
		};
		AA00000000000000000024 /* LanguagePacks */ = {
			isa = PBXGroup;
			children = (
				AA00000000000000000045 /* tr-TR.bkt */,
				AA0000000000000000000206 /* tr-TR.bkr */,
				AA0000000000000000000302 /* tr-TR.bkc */,
				AA0000000000000000000402 /* en-US.bkt */,
				AA0000000000000000000602 /* en-US.bkc */,
				AA0000000000000000000505 /* tr-TR.bkx */,
			);
			name = LanguagePacks;
			sourceTree = "<group>";
		};
		AA00000000000000000025 /* BestKeyboardUITests */ = {
			isa = PBXGroup;
			children = (
				AA00000000000000000047 /* DecodeUITests.swift */,
				AA00000000000000000096 /* AccessibilityUITests.swift */,
			);
			path = BestKeyboardUITests;
			sourceTree = "<group>";
		};
/* End PBXGroup section */

/* Begin PBXNativeTarget section */
		AA00000000000000000010 /* BestKeyboard */ = {
			isa = PBXNativeTarget;
			buildConfigurationList = AA00000000000000000071 /* Build configuration list for PBXNativeTarget "BestKeyboard" */;
			buildPhases = (
				AA00000000000000000060 /* Sources */,
				AA00000000000000000061 /* Frameworks */,
				AA00000000000000000062 /* Resources */,
				AA0000000000000000000700 /* Derleme manifesti */,
				AA00000000000000000063 /* Embed Foundation Extensions */,
			);
			buildRules = (
			);
			dependencies = (
				AA00000000000000000015 /* PBXTargetDependency */,
			);
			name = BestKeyboard;
			packageProductDependencies = (
				AA00000000000000000095 /* KeyboardCore */,
			);
			productName = BestKeyboard;
			productReference = AA00000000000000000030 /* BestKeyboard.app */;
			productType = "com.apple.product-type.application";
		};
		AA00000000000000000011 /* BestKeyboardExtension */ = {
			isa = PBXNativeTarget;
			buildConfigurationList = AA00000000000000000072 /* Build configuration list for PBXNativeTarget "BestKeyboardExtension" */;
			buildPhases = (
				AA00000000000000000064 /* Sources */,
				AA00000000000000000065 /* Frameworks */,
				AA00000000000000000066 /* Resources */,
				AA0000000000000000000701 /* Derleme manifesti */,
			);
			buildRules = (
			);
			dependencies = (
			);
			name = BestKeyboardExtension;
			packageProductDependencies = (
				AA00000000000000000092 /* KeyboardCore */,
			);
			productName = BestKeyboardExtension;
			productReference = AA00000000000000000031 /* BestKeyboardExtension.appex */;
			productType = "com.apple.product-type.app-extension";
		};
		AA00000000000000000012 /* BestKeyboardUITests */ = {
			isa = PBXNativeTarget;
			buildConfigurationList = AA00000000000000000073 /* Build configuration list for PBXNativeTarget "BestKeyboardUITests" */;
			buildPhases = (
				AA00000000000000000067 /* Sources */,
			);
			buildRules = (
			);
			dependencies = (
				AA00000000000000000017 /* PBXTargetDependency */,
			);
			name = BestKeyboardUITests;
			productName = BestKeyboardUITests;
			productReference = AA00000000000000000032 /* BestKeyboardUITests.xctest */;
			productType = "com.apple.product-type.bundle.ui-testing";
		};
/* End PBXNativeTarget section */

/* Begin PBXProject section */
		AA00000000000000000001 /* Project object */ = {
			isa = PBXProject;
			attributes = {
				BuildIndependentTargetsInParallel = 1;
				LastSwiftUpdateCheck = 1600;
				LastUpgradeCheck = 1600;
				TargetAttributes = {
					AA00000000000000000010 = {
						CreatedOnToolsVersion = 16.0;
						SystemCapabilities = {
							com.apple.ApplicationGroups.iOS = {
								enabled = 1;
							};
						};
					};
					AA00000000000000000011 = {
						CreatedOnToolsVersion = 16.0;
						SystemCapabilities = {
							com.apple.ApplicationGroups.iOS = {
								enabled = 1;
							};
						};
					};
					AA00000000000000000012 = {
						CreatedOnToolsVersion = 16.0;
						TestTargetID = AA00000000000000000010;
					};
				};
			};
			buildConfigurationList = AA00000000000000000070 /* Build configuration list for PBXProject "BestKeyboard" */;
			compatibilityVersion = "Xcode 14.0";
			developmentRegion = tr;
			hasScannedForEncodings = 0;
			knownRegions = (
				tr,
				en,
				Base,
			);
			mainGroup = AA00000000000000000020;
			packageReferences = (
				AA00000000000000000090 /* XCLocalSwiftPackageReference "../Packages/KeyboardCore" */,
			);
			productRefGroup = AA00000000000000000021 /* Products */;
			projectDirPath = "";
			projectRoot = "";
			targets = (
				AA00000000000000000010 /* BestKeyboard */,
				AA00000000000000000011 /* BestKeyboardExtension */,
				AA00000000000000000012 /* BestKeyboardUITests */,
			);
		};
/* End PBXProject section */

/* Begin PBXResourcesBuildPhase section */
		AA00000000000000000062 /* Resources */ = {
			isa = PBXResourcesBuildPhase;
			buildActionMask = 2147483647;
			files = (
				BBAC138CADAECEE9CFB0DD9F /* Resources/AppIcons/deepseek.png in Resources */,
				BB07270797AE5E570E02015C /* Resources/AppIcons/perplexity.png in Resources */,
				BBF9640F190F54D8E04C61A3 /* Resources/AppIcons/gemini.png in Resources */,
				BB298B35ED325CA2B6666695 /* Resources/AppIcons/claude.png in Resources */,
				BB3F816006BC43B6546A8B44 /* Resources/AppIcons/chatgpt.png in Resources */,
				BB25433184106CBD151E67F4 /* Resources/Sounds/damla.wav in Resources */,
				BB9BF0CC960F83ACE925FCE2 /* Resources/Sounds/daktilo.wav in Resources */,
				BB2026A9C1F1AC6016EAE82E /* Resources/Sounds/mekanik.wav in Resources */,
				BB5FF124226726E5E0184FAB /* Resources/Sounds/yumusak.wav in Resources */,
				BB99E2927C62A4AB8F4F4DA7 /* Resources/Sounds/tik.wav in Resources */,
				AA00000000000000000057 /* tr-TR.bkt in Resources */,
				AA0000000000000000000203 /* tr-TR.bkr in Resources */,
				AA0000000000000000000300 /* tr-TR.bkc in Resources */,
				AA0000000000000000000400 /* en-US.bkt in Resources */,
				AA0000000000000000000600 /* en-US.bkc in Resources */,
				AA0000000000000000000503 /* tr-TR.bkx in Resources */,
				AA0000000000000000000861 /* Resources/manzara.jpg in Resources */,
			);
			runOnlyForDeploymentPostprocessing = 0;
		};
		AA00000000000000000066 /* Resources */ = {
			isa = PBXResourcesBuildPhase;
			buildActionMask = 2147483647;
			files = (
				BB0BB223B3C2B8339572229F /* Resources/AppIcons/deepseek.png in Resources */,
				BB3CBB0098BA3FE494849B43 /* Resources/AppIcons/perplexity.png in Resources */,
				BB3B7FD4BD37AFFDF385FBBD /* Resources/AppIcons/gemini.png in Resources */,
				BBEA4A0D6C6E6D659E4B5A00 /* Resources/AppIcons/claude.png in Resources */,
				BB3E0558C8558154BCA27885 /* Resources/AppIcons/chatgpt.png in Resources */,
				BB625E8851A033790B940B39 /* Resources/Sounds/damla.wav in Resources */,
				BBF7BDB3F957322455868F68 /* Resources/Sounds/daktilo.wav in Resources */,
				BB0EC999AC41D8F5410F42DF /* Resources/Sounds/mekanik.wav in Resources */,
				BB8C55B1C138761922B57C60 /* Resources/Sounds/yumusak.wav in Resources */,
				BB0592AB578905181EAF4044 /* Resources/Sounds/tik.wav in Resources */,
				AA00000000000000000053 /* tr-TR.bkt in Resources */,
				AA0000000000000000000204 /* tr-TR.bkr in Resources */,
				AA0000000000000000000301 /* tr-TR.bkc in Resources */,
				AA0000000000000000000401 /* en-US.bkt in Resources */,
				AA0000000000000000000601 /* en-US.bkc in Resources */,
				AA0000000000000000000504 /* tr-TR.bkx in Resources */,
				AA0000000000000000000862 /* Resources/manzara.jpg in Resources */,
			);
			runOnlyForDeploymentPostprocessing = 0;
		};
/* End PBXResourcesBuildPhase section */

/* Begin PBXShellScriptBuildPhase section */
		AA0000000000000000000700 /* Derleme manifesti */ = {
			isa = PBXShellScriptBuildPhase;
			alwaysOutOfDate = 1;
			buildActionMask = 2147483647;
			files = (
			);
			inputPaths = (
			);
			name = "Derleme manifesti";
			outputPaths = (
			);
			runOnlyForDeploymentPostprocessing = 0;
			shellPath = /bin/bash;
			shellScript = "\"$SRCROOT/../Tools/inject-build-manifest.sh\"\n";
		};
		AA0000000000000000000701 /* Derleme manifesti */ = {
			isa = PBXShellScriptBuildPhase;
			alwaysOutOfDate = 1;
			buildActionMask = 2147483647;
			files = (
			);
			inputPaths = (
			);
			name = "Derleme manifesti";
			outputPaths = (
			);
			runOnlyForDeploymentPostprocessing = 0;
			shellPath = /bin/bash;
			shellScript = "\"$SRCROOT/../Tools/inject-build-manifest.sh\"\n";
		};
/* End PBXShellScriptBuildPhase section */

/* Begin PBXSourcesBuildPhase section */
		AA00000000000000000060 /* Sources */ = {
			isa = PBXSourcesBuildPhase;
			buildActionMask = 2147483647;
			files = (
				BB73C8D08217D3277D44BB71 /* Studio.swift in Sources */,
				BB0EB60FF29D95D843120353 /* Media.swift in Sources */,
				BB28B1B3463C14B3D7663391 /* Dictation.swift in Sources */,
				BBE81820605CDD77268B4D8B /* ThemeEditor.swift in Sources */,
				BBADFE0EC1F07D2BA53E37AB /* ChatImport.swift in Sources */,
				BBACB3E4DF8160D628F01E06 /* Shortcuts.swift in Sources */,
				BBC3C6AE99DDA2BBBD159617 /* AppScreens.swift in Sources */,
				BB268E214D0462EAF9DA1A14 /* KeySound.swift in Sources */,
				AA00000000000000000050 /* BestKeyboardApp.swift in Sources */,
				AA00000000000000000055 /* KeyboardHarness.swift in Sources */,
				AA00000000000000000059 /* LicensesView.swift in Sources */,
				AA0000000000000000000831 /* SettingsView.swift in Sources */,
				FAD5C554623E3EB4B29540D8 /* PromptCorpus.swift in Sources */,
				0204381443158DD26062FA64 /* RecordingView.swift in Sources */,
				0204381443158DD26062FB01 /* QuickRecordingView.swift in Sources */,
				AA00000000000000000056 /* KeyboardView.swift in Sources */,
				AA0000000000000000000801 /* KeyboardTheme.swift in Sources */,
				AA0000000000000000000811 /* KeyboardSettings.swift in Sources */,
				AA0000000000000000000821 /* KeyboardSettingsPanel.swift in Sources */,
			);
			runOnlyForDeploymentPostprocessing = 0;
		};
		AA00000000000000000064 /* Sources */ = {
			isa = PBXSourcesBuildPhase;
			buildActionMask = 2147483647;
			files = (
				BB3E071BC3CB08E9D2826452 /* MediaPanel.swift in Sources */,
				BB0A64198FE486AC32EAAD96 /* Media.swift in Sources */,
				BB101EDCF9360C8ADDADA7FF /* Shortcuts.swift in Sources */,
				BBC11EEB885E36A88CA4C9C2 /* ClipboardPanel.swift in Sources */,
				BBDBA29CD2A578EB3170FB0B /* KeySound.swift in Sources */,
				AA00000000000000000051 /* KeyboardViewController.swift in Sources */,
				AA00000000000000000052 /* KeyboardView.swift in Sources */,
				AA0000000000000000000802 /* KeyboardTheme.swift in Sources */,
				AA0000000000000000000812 /* KeyboardSettings.swift in Sources */,
				AA0000000000000000000822 /* KeyboardSettingsPanel.swift in Sources */,
				AA0000000000000000000841 /* EmojiPanel.swift in Sources */,
				AA0000000000000000000851 /* EmojiRecentsStore.swift in Sources */,
			);
			runOnlyForDeploymentPostprocessing = 0;
		};
		AA00000000000000000067 /* Sources */ = {
			isa = PBXSourcesBuildPhase;
			buildActionMask = 2147483647;
			files = (
				AA00000000000000000058 /* DecodeUITests.swift in Sources */,
				AA00000000000000000097 /* AccessibilityUITests.swift in Sources */,
			);
			runOnlyForDeploymentPostprocessing = 0;
		};
/* End PBXSourcesBuildPhase section */

/* Begin PBXTargetDependency section */
		AA00000000000000000015 /* PBXTargetDependency */ = {
			isa = PBXTargetDependency;
			target = AA00000000000000000011 /* BestKeyboardExtension */;
			targetProxy = AA00000000000000000016 /* PBXContainerItemProxy */;
		};
		AA00000000000000000017 /* PBXTargetDependency */ = {
			isa = PBXTargetDependency;
			target = AA00000000000000000010 /* BestKeyboard */;
			targetProxy = AA00000000000000000018 /* PBXContainerItemProxy */;
		};
/* End PBXTargetDependency section */

/* Begin XCBuildConfiguration section */
		AA00000000000000000080 /* Debug */ = {
			isa = XCBuildConfiguration;
			buildSettings = {
				ALWAYS_SEARCH_USER_PATHS = NO;
				CLANG_ENABLE_MODULES = YES;
				CLANG_ENABLE_OBJC_ARC = YES;
				COPY_PHASE_STRIP = NO;
				DEBUG_INFORMATION_FORMAT = dwarf;
				ENABLE_STRICT_OBJC_MSGSEND = YES;
				ENABLE_TESTABILITY = YES;
				GCC_OPTIMIZATION_LEVEL = 0;
				GCC_PREPROCESSOR_DEFINITIONS = (
					"DEBUG=1",
					"$(inherited)",
				);
				IPHONEOS_DEPLOYMENT_TARGET = 17.0;
				MTL_ENABLE_DEBUG_INFO = INCLUDE_SOURCE;
				ONLY_ACTIVE_ARCH = YES;
				SDKROOT = iphoneos;
				SWIFT_ACTIVE_COMPILATION_CONDITIONS = "DEBUG $(inherited)";
				SWIFT_OPTIMIZATION_LEVEL = "-Onone";
				SWIFT_VERSION = 5.0;
			};
			name = Debug;
		};
		AA00000000000000000081 /* Release */ = {
			isa = XCBuildConfiguration;
			buildSettings = {
				ALWAYS_SEARCH_USER_PATHS = NO;
				CLANG_ENABLE_MODULES = YES;
				CLANG_ENABLE_OBJC_ARC = YES;
				COPY_PHASE_STRIP = NO;
				DEBUG_INFORMATION_FORMAT = "dwarf-with-dsym";
				ENABLE_NS_ASSERTIONS = NO;
				ENABLE_STRICT_OBJC_MSGSEND = YES;
				IPHONEOS_DEPLOYMENT_TARGET = 17.0;
				MTL_ENABLE_DEBUG_INFO = NO;
				SDKROOT = iphoneos;
				SWIFT_COMPILATION_MODE = wholemodule;
				SWIFT_VERSION = 5.0;
				VALIDATE_PRODUCT = YES;
			};
			name = Release;
		};
		AA00000000000000000082 /* Debug */ = {
			isa = XCBuildConfiguration;
			buildSettings = {
				ASSETCATALOG_COMPILER_APPICON_NAME = "";
				CODE_SIGN_STYLE = Automatic;
				CURRENT_PROJECT_VERSION = 1;
				ENABLE_PREVIEWS = YES;
				GENERATE_INFOPLIST_FILE = YES;
				INFOPLIST_FILE = BestKeyboard/Info.plist;
				CODE_SIGN_ENTITLEMENTS = BestKeyboard/BestKeyboard.entitlements;
				INFOPLIST_KEY_CFBundleDisplayName = BestKeyboard;
				INFOPLIST_KEY_LSSupportsOpeningDocumentsInPlace = NO;
				INFOPLIST_KEY_UIApplicationSceneManifest_Generation = YES;
				INFOPLIST_KEY_UISupportedInterfaceOrientations = UIInterfaceOrientationPortrait;
				LD_RUNPATH_SEARCH_PATHS = (
					"$(inherited)",
					"@executable_path/Frameworks",
				);
				MARKETING_VERSION = 0.1;
				PRODUCT_BUNDLE_IDENTIFIER = com.sencagri.bestkeyboard;
				PRODUCT_NAME = "$(TARGET_NAME)";
				SWIFT_EMIT_LOC_STRINGS = YES;
				TARGETED_DEVICE_FAMILY = 1;
			};
			name = Debug;
		};
		AA00000000000000000083 /* Release */ = {
			isa = XCBuildConfiguration;
			buildSettings = {
				ASSETCATALOG_COMPILER_APPICON_NAME = "";
				CODE_SIGN_STYLE = Automatic;
				CURRENT_PROJECT_VERSION = 1;
				ENABLE_PREVIEWS = YES;
				GENERATE_INFOPLIST_FILE = YES;
				INFOPLIST_FILE = BestKeyboard/Info.plist;
				CODE_SIGN_ENTITLEMENTS = BestKeyboard/BestKeyboard.entitlements;
				INFOPLIST_KEY_CFBundleDisplayName = BestKeyboard;
				INFOPLIST_KEY_LSSupportsOpeningDocumentsInPlace = NO;
				INFOPLIST_KEY_UIApplicationSceneManifest_Generation = YES;
				INFOPLIST_KEY_UISupportedInterfaceOrientations = UIInterfaceOrientationPortrait;
				LD_RUNPATH_SEARCH_PATHS = (
					"$(inherited)",
					"@executable_path/Frameworks",
				);
				MARKETING_VERSION = 0.1;
				PRODUCT_BUNDLE_IDENTIFIER = com.sencagri.bestkeyboard;
				PRODUCT_NAME = "$(TARGET_NAME)";
				SWIFT_EMIT_LOC_STRINGS = YES;
				TARGETED_DEVICE_FAMILY = 1;
			};
			name = Release;
		};
		AA00000000000000000084 /* Debug */ = {
			isa = XCBuildConfiguration;
			buildSettings = {
				CODE_SIGN_STYLE = Automatic;
				CURRENT_PROJECT_VERSION = 1;
				GENERATE_INFOPLIST_FILE = YES;
				INFOPLIST_FILE = BestKeyboardExtension/Info.plist;
				CODE_SIGN_ENTITLEMENTS = BestKeyboardExtension/BestKeyboardExtension.entitlements;
				INFOPLIST_KEY_CFBundleDisplayName = BestKeyboard;
				LD_RUNPATH_SEARCH_PATHS = (
					"$(inherited)",
					"@executable_path/Frameworks",
					"@executable_path/../../Frameworks",
				);
				MARKETING_VERSION = 0.1;
				PRODUCT_BUNDLE_IDENTIFIER = com.sencagri.bestkeyboard.keyboard;
				PRODUCT_NAME = "$(TARGET_NAME)";
				SKIP_INSTALL = YES;
				SWIFT_EMIT_LOC_STRINGS = YES;
				TARGETED_DEVICE_FAMILY = 1;
			};
			name = Debug;
		};
		AA00000000000000000085 /* Release */ = {
			isa = XCBuildConfiguration;
			buildSettings = {
				CODE_SIGN_STYLE = Automatic;
				CURRENT_PROJECT_VERSION = 1;
				GENERATE_INFOPLIST_FILE = YES;
				INFOPLIST_FILE = BestKeyboardExtension/Info.plist;
				CODE_SIGN_ENTITLEMENTS = BestKeyboardExtension/BestKeyboardExtension.entitlements;
				INFOPLIST_KEY_CFBundleDisplayName = BestKeyboard;
				LD_RUNPATH_SEARCH_PATHS = (
					"$(inherited)",
					"@executable_path/Frameworks",
					"@executable_path/../../Frameworks",
				);
				MARKETING_VERSION = 0.1;
				PRODUCT_BUNDLE_IDENTIFIER = com.sencagri.bestkeyboard.keyboard;
				PRODUCT_NAME = "$(TARGET_NAME)";
				SKIP_INSTALL = YES;
				SWIFT_EMIT_LOC_STRINGS = YES;
				TARGETED_DEVICE_FAMILY = 1;
			};
			name = Release;
		};
		AA00000000000000000086 /* Debug */ = {
			isa = XCBuildConfiguration;
			buildSettings = {
				CODE_SIGN_STYLE = Automatic;
				CURRENT_PROJECT_VERSION = 1;
				GENERATE_INFOPLIST_FILE = YES;
				MARKETING_VERSION = 0.1;
				PRODUCT_BUNDLE_IDENTIFIER = com.sencagri.bestkeyboard.uitests;
				PRODUCT_NAME = "$(TARGET_NAME)";
				SWIFT_EMIT_LOC_STRINGS = NO;
				TARGETED_DEVICE_FAMILY = 1;
				TEST_TARGET_NAME = BestKeyboard;
			};
			name = Debug;
		};
		AA00000000000000000087 /* Release */ = {
			isa = XCBuildConfiguration;
			buildSettings = {
				CODE_SIGN_STYLE = Automatic;
				CURRENT_PROJECT_VERSION = 1;
				GENERATE_INFOPLIST_FILE = YES;
				MARKETING_VERSION = 0.1;
				PRODUCT_BUNDLE_IDENTIFIER = com.sencagri.bestkeyboard.uitests;
				PRODUCT_NAME = "$(TARGET_NAME)";
				SWIFT_EMIT_LOC_STRINGS = NO;
				TARGETED_DEVICE_FAMILY = 1;
				TEST_TARGET_NAME = BestKeyboard;
			};
			name = Release;
		};
/* End XCBuildConfiguration section */

/* Begin XCConfigurationList section */
		AA00000000000000000070 /* Build configuration list for PBXProject "BestKeyboard" */ = {
			isa = XCConfigurationList;
			buildConfigurations = (
				AA00000000000000000080 /* Debug */,
				AA00000000000000000081 /* Release */,
			);
			defaultConfigurationIsVisible = 0;
			defaultConfigurationName = Release;
		};
		AA00000000000000000071 /* Build configuration list for PBXNativeTarget "BestKeyboard" */ = {
			isa = XCConfigurationList;
			buildConfigurations = (
				AA00000000000000000082 /* Debug */,
				AA00000000000000000083 /* Release */,
			);
			defaultConfigurationIsVisible = 0;
			defaultConfigurationName = Release;
		};
		AA00000000000000000072 /* Build configuration list for PBXNativeTarget "BestKeyboardExtension" */ = {
			isa = XCConfigurationList;
			buildConfigurations = (
				AA00000000000000000084 /* Debug */,
				AA00000000000000000085 /* Release */,
			);
			defaultConfigurationIsVisible = 0;
			defaultConfigurationName = Release;
		};
		AA00000000000000000073 /* Build configuration list for PBXNativeTarget "BestKeyboardUITests" */ = {
			isa = XCConfigurationList;
			buildConfigurations = (
				AA00000000000000000086 /* Debug */,
				AA00000000000000000087 /* Release */,
			);
			defaultConfigurationIsVisible = 0;
			defaultConfigurationName = Release;
		};
/* End XCConfigurationList section */

/* Begin XCLocalSwiftPackageReference section */
		AA00000000000000000090 /* XCLocalSwiftPackageReference "../Packages/KeyboardCore" */ = {
			isa = XCLocalSwiftPackageReference;
			relativePath = ../Packages/KeyboardCore;
		};
/* End XCLocalSwiftPackageReference section */

/* Begin XCSwiftPackageProductDependency section */
		AA00000000000000000092 /* KeyboardCore */ = {
			isa = XCSwiftPackageProductDependency;
			productName = KeyboardCore;
		};
		AA00000000000000000095 /* KeyboardCore */ = {
			isa = XCSwiftPackageProductDependency;
			productName = KeyboardCore;
		};
/* End XCSwiftPackageProductDependency section */
	};
	rootObject = AA00000000000000000001 /* Project object */;
}
