// !$*UTF8*$!
{
	archiveVersion = 1;
	classes = {
	};
	objectVersion = 56;
	objects = {

/* Begin PBXBuildFile section */
		AA00000000000000000050 /* BestKeyboardApp.swift in Sources */ = {isa = PBXBuildFile; fileRef = AA00000000000000000040 /* BestKeyboardApp.swift */; };
		AA00000000000000000051 /* KeyboardViewController.swift in Sources */ = {isa = PBXBuildFile; fileRef = AA00000000000000000042 /* KeyboardViewController.swift */; };
		AA00000000000000000052 /* KeyboardView.swift in Sources */ = {isa = PBXBuildFile; fileRef = AA00000000000000000043 /* KeyboardView.swift */; };
		AA00000000000000000053 /* tr-TR.bkt in Resources */ = {isa = PBXBuildFile; fileRef = AA00000000000000000045 /* tr-TR.bkt */; };
		AA00000000000000000054 /* BestKeyboardExtension.appex in Embed Foundation Extensions */ = {isa = PBXBuildFile; fileRef = AA00000000000000000031 /* BestKeyboardExtension.appex */; settings = {ATTRIBUTES = (RemoveHeadersOnCopy, ); }; };
		AA00000000000000000093 /* KeyboardCore in Frameworks */ = {isa = PBXBuildFile; productRef = AA00000000000000000092 /* KeyboardCore */; };
		AA00000000000000000094 /* KeyboardCore in Frameworks */ = {isa = PBXBuildFile; productRef = AA00000000000000000095 /* KeyboardCore */; };
		AA00000000000000000055 /* KeyboardHarness.swift in Sources */ = {isa = PBXBuildFile; fileRef = AA00000000000000000046 /* KeyboardHarness.swift */; };
		AA00000000000000000059 /* LicensesView.swift in Sources */ = {isa = PBXBuildFile; fileRef = AA00000000000000000048 /* LicensesView.swift */; };
		AA00000000000000000056 /* KeyboardView.swift in Sources */ = {isa = PBXBuildFile; fileRef = AA00000000000000000043 /* KeyboardView.swift */; };
		AA00000000000000000057 /* tr-TR.bkt in Resources */ = {isa = PBXBuildFile; fileRef = AA00000000000000000045 /* tr-TR.bkt */; };
		AA00000000000000000058 /* DecodeUITests.swift in Sources */ = {isa = PBXBuildFile; fileRef = AA00000000000000000047 /* DecodeUITests.swift */; };
/* End PBXBuildFile section */

/* Begin PBXCopyFilesBuildPhase section */
		AA00000000000000000063 /* Embed Foundation Extensions */ = {
			isa = PBXCopyFilesBuildPhase;
			buildActionMask = 2147483647;
			dstPath = "";
			dstSubfolderSpec = 13;
			files = (
				AA00000000000000000054 /* BestKeyboardExtension.appex in Embed Foundation Extensions */,
			);
			name = "Embed Foundation Extensions";
			runOnlyForDeploymentPostprocessing = 0;
		};
/* End PBXCopyFilesBuildPhase section */

/* Begin PBXFileReference section */
		AA00000000000000000030 /* BestKeyboard.app */ = {isa = PBXFileReference; explicitFileType = wrapper.application; includeInIndex = 0; path = BestKeyboard.app; sourceTree = BUILT_PRODUCTS_DIR; };
		AA00000000000000000031 /* BestKeyboardExtension.appex */ = {isa = PBXFileReference; explicitFileType = "wrapper.app-extension"; includeInIndex = 0; path = BestKeyboardExtension.appex; sourceTree = BUILT_PRODUCTS_DIR; };
		AA00000000000000000040 /* BestKeyboardApp.swift */ = {isa = PBXFileReference; lastKnownFileType = sourcecode.swift; path = BestKeyboardApp.swift; sourceTree = "<group>"; };
		AA00000000000000000041 /* Info.plist */ = {isa = PBXFileReference; lastKnownFileType = text.plist.xml; path = Info.plist; sourceTree = "<group>"; };
		AA00000000000000000042 /* KeyboardViewController.swift */ = {isa = PBXFileReference; lastKnownFileType = sourcecode.swift; path = KeyboardViewController.swift; sourceTree = "<group>"; };
		AA00000000000000000043 /* KeyboardView.swift */ = {isa = PBXFileReference; lastKnownFileType = sourcecode.swift; path = KeyboardView.swift; sourceTree = "<group>"; };
		AA00000000000000000044 /* Info.plist */ = {isa = PBXFileReference; lastKnownFileType = text.plist.xml; path = Info.plist; sourceTree = "<group>"; };
		AA00000000000000000045 /* tr-TR.bkt */ = {isa = PBXFileReference; lastKnownFileType = file; name = "tr-TR.bkt"; path = "../LanguagePacks/tr-TR/tr-TR.bkt"; sourceTree = SOURCE_ROOT; };
		AA00000000000000000046 /* KeyboardHarness.swift */ = {isa = PBXFileReference; lastKnownFileType = sourcecode.swift; path = KeyboardHarness.swift; sourceTree = "<group>"; };
		AA00000000000000000048 /* LicensesView.swift */ = {isa = PBXFileReference; lastKnownFileType = sourcecode.swift; path = LicensesView.swift; sourceTree = "<group>"; };
		AA00000000000000000047 /* DecodeUITests.swift */ = {isa = PBXFileReference; lastKnownFileType = sourcecode.swift; path = DecodeUITests.swift; sourceTree = "<group>"; };
		AA00000000000000000032 /* BestKeyboardUITests.xctest */ = {isa = PBXFileReference; explicitFileType = wrapper.cfbundle; includeInIndex = 0; path = BestKeyboardUITests.xctest; sourceTree = BUILT_PRODUCTS_DIR; };
/* End PBXFileReference section */

/* Begin PBXFrameworksBuildPhase section */
		AA00000000000000000061 /* Frameworks */ = {
			isa = PBXFrameworksBuildPhase;
			buildActionMask = 2147483647;
			files = (
				AA00000000000000000094 /* KeyboardCore in Frameworks */,
			);
			runOnlyForDeploymentPostprocessing = 0;
		};
		AA00000000000000000065 /* Frameworks */ = {
			isa = PBXFrameworksBuildPhase;
			buildActionMask = 2147483647;
			files = (
				AA00000000000000000093 /* KeyboardCore in Frameworks */,
			);
			runOnlyForDeploymentPostprocessing = 0;
		};
/* End PBXFrameworksBuildPhase section */

/* Begin PBXGroup section */
		AA00000000000000000020 = {
			isa = PBXGroup;
			children = (
				AA00000000000000000022 /* BestKeyboard */,
				AA00000000000000000023 /* BestKeyboardExtension */,
				AA00000000000000000025 /* BestKeyboardUITests */,
				AA00000000000000000024 /* LanguagePacks */,
				AA00000000000000000021 /* Products */,
			);
			sourceTree = "<group>";
		};
		AA00000000000000000021 /* Products */ = {
			isa = PBXGroup;
			children = (
				AA00000000000000000030 /* BestKeyboard.app */,
				AA00000000000000000031 /* BestKeyboardExtension.appex */,
				AA00000000000000000032 /* BestKeyboardUITests.xctest */,
			);
			name = Products;
			sourceTree = "<group>";
		};
		AA00000000000000000022 /* BestKeyboard */ = {
			isa = PBXGroup;
			children = (
				AA00000000000000000040 /* BestKeyboardApp.swift */,
				AA00000000000000000046 /* KeyboardHarness.swift */,
				AA00000000000000000048 /* LicensesView.swift */,
				AA00000000000000000041 /* Info.plist */,
			);
			path = BestKeyboard;
			sourceTree = "<group>";
		};
		AA00000000000000000023 /* BestKeyboardExtension */ = {
			isa = PBXGroup;
			children = (
				AA00000000000000000042 /* KeyboardViewController.swift */,
				AA00000000000000000043 /* KeyboardView.swift */,
				AA00000000000000000044 /* Info.plist */,
			);
			path = BestKeyboardExtension;
			sourceTree = "<group>";
		};
		AA00000000000000000025 /* BestKeyboardUITests */ = {
			isa = PBXGroup;
			children = (
				AA00000000000000000047 /* DecodeUITests.swift */,
			);
			path = BestKeyboardUITests;
			sourceTree = "<group>";
		};
		AA00000000000000000024 /* LanguagePacks */ = {
			isa = PBXGroup;
			children = (
				AA00000000000000000045 /* tr-TR.bkt */,
			);
			name = LanguagePacks;
			sourceTree = "<group>";
		};
/* End PBXGroup section */

/* Begin PBXNativeTarget section */
		AA00000000000000000010 /* BestKeyboard */ = {
			isa = PBXNativeTarget;
			buildConfigurationList = AA00000000000000000071 /* Build configuration list for PBXNativeTarget "BestKeyboard" */;
			buildPhases = (
				AA00000000000000000060 /* Sources */,
				AA00000000000000000061 /* Frameworks */,
				AA00000000000000000062 /* Resources */,
				AA00000000000000000063 /* Embed Foundation Extensions */,
			);
			buildRules = (
			);
			dependencies = (
				AA00000000000000000015 /* PBXTargetDependency */,
			);
			name = BestKeyboard;
			packageProductDependencies = (
				AA00000000000000000095 /* KeyboardCore */,
			);
			productName = BestKeyboard;
			productReference = AA00000000000000000030 /* BestKeyboard.app */;
			productType = "com.apple.product-type.application";
		};
		AA00000000000000000011 /* BestKeyboardExtension */ = {
			isa = PBXNativeTarget;
			buildConfigurationList = AA00000000000000000072 /* Build configuration list for PBXNativeTarget "BestKeyboardExtension" */;
			buildPhases = (
				AA00000000000000000064 /* Sources */,
				AA00000000000000000065 /* Frameworks */,
				AA00000000000000000066 /* Resources */,
			);
			buildRules = (
			);
			dependencies = (
			);
			name = BestKeyboardExtension;
			packageProductDependencies = (
				AA00000000000000000092 /* KeyboardCore */,
			);
			productName = BestKeyboardExtension;
			productReference = AA00000000000000000031 /* BestKeyboardExtension.appex */;
			productType = "com.apple.product-type.app-extension";
		};
		AA00000000000000000012 /* BestKeyboardUITests */ = {
			isa = PBXNativeTarget;
			buildConfigurationList = AA00000000000000000073 /* Build configuration list for PBXNativeTarget "BestKeyboardUITests" */;
			buildPhases = (
				AA00000000000000000067 /* Sources */,
			);
			buildRules = (
			);
			dependencies = (
				AA00000000000000000017 /* PBXTargetDependency */,
			);
			name = BestKeyboardUITests;
			productName = BestKeyboardUITests;
			productReference = AA00000000000000000032 /* BestKeyboardUITests.xctest */;
			productType = "com.apple.product-type.bundle.ui-testing";
		};
/* End PBXNativeTarget section */

/* Begin PBXProject section */
		AA00000000000000000001 /* Project object */ = {
			isa = PBXProject;
			attributes = {
				BuildIndependentTargetsInParallel = 1;
				LastSwiftUpdateCheck = 1600;
				LastUpgradeCheck = 1600;
				TargetAttributes = {
					AA00000000000000000010 = {
						CreatedOnToolsVersion = 16.0;
					};
					AA00000000000000000011 = {
						CreatedOnToolsVersion = 16.0;
					};
					AA00000000000000000012 = {
						CreatedOnToolsVersion = 16.0;
						TestTargetID = AA00000000000000000010;
					};
				};
			};
			buildConfigurationList = AA00000000000000000070 /* Build configuration list for PBXProject "BestKeyboard" */;
			compatibilityVersion = "Xcode 14.0";
			developmentRegion = tr;
			hasScannedForEncodings = 0;
			knownRegions = (
				tr,
				en,
				Base,
			);
			mainGroup = AA00000000000000000020;
			packageReferences = (
				AA00000000000000000090 /* XCLocalSwiftPackageReference "../Packages/KeyboardCore" */,
			);
			productRefGroup = AA00000000000000000021 /* Products */;
			projectDirPath = "";
			projectRoot = "";
			targets = (
				AA00000000000000000010 /* BestKeyboard */,
				AA00000000000000000011 /* BestKeyboardExtension */,
				AA00000000000000000012 /* BestKeyboardUITests */,
			);
		};
/* End PBXProject section */

/* Begin PBXResourcesBuildPhase section */
		AA00000000000000000062 /* Resources */ = {
			isa = PBXResourcesBuildPhase;
			buildActionMask = 2147483647;
			files = (
				AA00000000000000000057 /* tr-TR.bkt in Resources */,
			);
			runOnlyForDeploymentPostprocessing = 0;
		};
		AA00000000000000000066 /* Resources */ = {
			isa = PBXResourcesBuildPhase;
			buildActionMask = 2147483647;
			files = (
				AA00000000000000000053 /* tr-TR.bkt in Resources */,
			);
			runOnlyForDeploymentPostprocessing = 0;
		};
/* End PBXResourcesBuildPhase section */

/* Begin PBXSourcesBuildPhase section */
		AA00000000000000000060 /* Sources */ = {
			isa = PBXSourcesBuildPhase;
			buildActionMask = 2147483647;
			files = (
				AA00000000000000000050 /* BestKeyboardApp.swift in Sources */,
				AA00000000000000000055 /* KeyboardHarness.swift in Sources */,
				AA00000000000000000059 /* LicensesView.swift in Sources */,
				AA00000000000000000056 /* KeyboardView.swift in Sources */,
			);
			runOnlyForDeploymentPostprocessing = 0;
		};
		AA00000000000000000067 /* Sources */ = {
			isa = PBXSourcesBuildPhase;
			buildActionMask = 2147483647;
			files = (
				AA00000000000000000058 /* DecodeUITests.swift in Sources */,
			);
			runOnlyForDeploymentPostprocessing = 0;
		};
		AA00000000000000000064 /* Sources */ = {
			isa = PBXSourcesBuildPhase;
			buildActionMask = 2147483647;
			files = (
				AA00000000000000000051 /* KeyboardViewController.swift in Sources */,
				AA00000000000000000052 /* KeyboardView.swift in Sources */,
			);
			runOnlyForDeploymentPostprocessing = 0;
		};
/* End PBXSourcesBuildPhase section */

/* Begin PBXTargetDependency section */
		AA00000000000000000017 /* PBXTargetDependency */ = {
			isa = PBXTargetDependency;
			target = AA00000000000000000010 /* BestKeyboard */;
			targetProxy = AA00000000000000000018 /* PBXContainerItemProxy */;
		};
		AA00000000000000000015 /* PBXTargetDependency */ = {
			isa = PBXTargetDependency;
			target = AA00000000000000000011 /* BestKeyboardExtension */;
			targetProxy = AA00000000000000000016 /* PBXContainerItemProxy */;
		};
/* End PBXTargetDependency section */

/* Begin PBXContainerItemProxy section */
		AA00000000000000000018 /* PBXContainerItemProxy */ = {
			isa = PBXContainerItemProxy;
			containerPortal = AA00000000000000000001 /* Project object */;
			proxyType = 1;
			remoteGlobalIDString = AA00000000000000000010;
			remoteInfo = BestKeyboard;
		};
		AA00000000000000000016 /* PBXContainerItemProxy */ = {
			isa = PBXContainerItemProxy;
			containerPortal = AA00000000000000000001 /* Project object */;
			proxyType = 1;
			remoteGlobalIDString = AA00000000000000000011;
			remoteInfo = BestKeyboardExtension;
		};
/* End PBXContainerItemProxy section */

/* Begin XCBuildConfiguration section */
		AA00000000000000000080 /* Debug */ = {
			isa = XCBuildConfiguration;
			buildSettings = {
				ALWAYS_SEARCH_USER_PATHS = NO;
				CLANG_ENABLE_MODULES = YES;
				CLANG_ENABLE_OBJC_ARC = YES;
				COPY_PHASE_STRIP = NO;
				DEBUG_INFORMATION_FORMAT = dwarf;
				ENABLE_STRICT_OBJC_MSGSEND = YES;
				ENABLE_TESTABILITY = YES;
				GCC_OPTIMIZATION_LEVEL = 0;
				GCC_PREPROCESSOR_DEFINITIONS = (
					"DEBUG=1",
					"$(inherited)",
				);
				IPHONEOS_DEPLOYMENT_TARGET = 17.0;
				MTL_ENABLE_DEBUG_INFO = INCLUDE_SOURCE;
				ONLY_ACTIVE_ARCH = YES;
				SDKROOT = iphoneos;
				SWIFT_ACTIVE_COMPILATION_CONDITIONS = "DEBUG $(inherited)";
				SWIFT_OPTIMIZATION_LEVEL = "-Onone";
				SWIFT_VERSION = 5.0;
			};
			name = Debug;
		};
		AA00000000000000000081 /* Release */ = {
			isa = XCBuildConfiguration;
			buildSettings = {
				ALWAYS_SEARCH_USER_PATHS = NO;
				CLANG_ENABLE_MODULES = YES;
				CLANG_ENABLE_OBJC_ARC = YES;
				COPY_PHASE_STRIP = NO;
				DEBUG_INFORMATION_FORMAT = "dwarf-with-dsym";
				ENABLE_NS_ASSERTIONS = NO;
				ENABLE_STRICT_OBJC_MSGSEND = YES;
				IPHONEOS_DEPLOYMENT_TARGET = 17.0;
				MTL_ENABLE_DEBUG_INFO = NO;
				SDKROOT = iphoneos;
				SWIFT_COMPILATION_MODE = wholemodule;
				SWIFT_VERSION = 5.0;
				VALIDATE_PRODUCT = YES;
			};
			name = Release;
		};
		AA00000000000000000082 /* Debug */ = {
			isa = XCBuildConfiguration;
			buildSettings = {
				ASSETCATALOG_COMPILER_APPICON_NAME = "";
				CODE_SIGN_STYLE = Automatic;
				CURRENT_PROJECT_VERSION = 1;
				ENABLE_PREVIEWS = YES;
				GENERATE_INFOPLIST_FILE = YES;
				INFOPLIST_FILE = BestKeyboard/Info.plist;
				INFOPLIST_KEY_CFBundleDisplayName = BestKeyboard;
				INFOPLIST_KEY_UIApplicationSceneManifest_Generation = YES;
				INFOPLIST_KEY_UILaunchScreen_Generation = YES;
				LD_RUNPATH_SEARCH_PATHS = (
					"$(inherited)",
					"@executable_path/Frameworks",
				);
				MARKETING_VERSION = 0.1;
				PRODUCT_BUNDLE_IDENTIFIER = com.sencagri.bestkeyboard;
				PRODUCT_NAME = "$(TARGET_NAME)";
				SWIFT_EMIT_LOC_STRINGS = YES;
				TARGETED_DEVICE_FAMILY = 1;
			};
			name = Debug;
		};
		AA00000000000000000083 /* Release */ = {
			isa = XCBuildConfiguration;
			buildSettings = {
				ASSETCATALOG_COMPILER_APPICON_NAME = "";
				CODE_SIGN_STYLE = Automatic;
				CURRENT_PROJECT_VERSION = 1;
				ENABLE_PREVIEWS = YES;
				GENERATE_INFOPLIST_FILE = YES;
				INFOPLIST_FILE = BestKeyboard/Info.plist;
				INFOPLIST_KEY_CFBundleDisplayName = BestKeyboard;
				INFOPLIST_KEY_UIApplicationSceneManifest_Generation = YES;
				INFOPLIST_KEY_UILaunchScreen_Generation = YES;
				LD_RUNPATH_SEARCH_PATHS = (
					"$(inherited)",
					"@executable_path/Frameworks",
				);
				MARKETING_VERSION = 0.1;
				PRODUCT_BUNDLE_IDENTIFIER = com.sencagri.bestkeyboard;
				PRODUCT_NAME = "$(TARGET_NAME)";
				SWIFT_EMIT_LOC_STRINGS = YES;
				TARGETED_DEVICE_FAMILY = 1;
			};
			name = Release;
		};
		AA00000000000000000084 /* Debug */ = {
			isa = XCBuildConfiguration;
			buildSettings = {
				CODE_SIGN_STYLE = Automatic;
				CURRENT_PROJECT_VERSION = 1;
				GENERATE_INFOPLIST_FILE = YES;
				INFOPLIST_FILE = BestKeyboardExtension/Info.plist;
				INFOPLIST_KEY_CFBundleDisplayName = BestKeyboard;
				LD_RUNPATH_SEARCH_PATHS = (
					"$(inherited)",
					"@executable_path/Frameworks",
					"@executable_path/../../Frameworks",
				);
				MARKETING_VERSION = 0.1;
				PRODUCT_BUNDLE_IDENTIFIER = com.sencagri.bestkeyboard.keyboard;
				PRODUCT_NAME = "$(TARGET_NAME)";
				SKIP_INSTALL = YES;
				SWIFT_EMIT_LOC_STRINGS = YES;
				TARGETED_DEVICE_FAMILY = 1;
			};
			name = Debug;
		};
		AA00000000000000000085 /* Release */ = {
			isa = XCBuildConfiguration;
			buildSettings = {
				CODE_SIGN_STYLE = Automatic;
				CURRENT_PROJECT_VERSION = 1;
				GENERATE_INFOPLIST_FILE = YES;
				INFOPLIST_FILE = BestKeyboardExtension/Info.plist;
				INFOPLIST_KEY_CFBundleDisplayName = BestKeyboard;
				LD_RUNPATH_SEARCH_PATHS = (
					"$(inherited)",
					"@executable_path/Frameworks",
					"@executable_path/../../Frameworks",
				);
				MARKETING_VERSION = 0.1;
				PRODUCT_BUNDLE_IDENTIFIER = com.sencagri.bestkeyboard.keyboard;
				PRODUCT_NAME = "$(TARGET_NAME)";
				SKIP_INSTALL = YES;
				SWIFT_EMIT_LOC_STRINGS = YES;
				TARGETED_DEVICE_FAMILY = 1;
			};
			name = Release;
		};
		AA00000000000000000086 /* Debug */ = {
			isa = XCBuildConfiguration;
			buildSettings = {
				CODE_SIGN_STYLE = Automatic;
				CURRENT_PROJECT_VERSION = 1;
				GENERATE_INFOPLIST_FILE = YES;
				MARKETING_VERSION = 0.1;
				PRODUCT_BUNDLE_IDENTIFIER = com.sencagri.bestkeyboard.uitests;
				PRODUCT_NAME = "$(TARGET_NAME)";
				SWIFT_EMIT_LOC_STRINGS = NO;
				TARGETED_DEVICE_FAMILY = 1;
				TEST_TARGET_NAME = BestKeyboard;
			};
			name = Debug;
		};
		AA00000000000000000087 /* Release */ = {
			isa = XCBuildConfiguration;
			buildSettings = {
				CODE_SIGN_STYLE = Automatic;
				CURRENT_PROJECT_VERSION = 1;
				GENERATE_INFOPLIST_FILE = YES;
				MARKETING_VERSION = 0.1;
				PRODUCT_BUNDLE_IDENTIFIER = com.sencagri.bestkeyboard.uitests;
				PRODUCT_NAME = "$(TARGET_NAME)";
				SWIFT_EMIT_LOC_STRINGS = NO;
				TARGETED_DEVICE_FAMILY = 1;
				TEST_TARGET_NAME = BestKeyboard;
			};
			name = Release;
		};
/* End XCBuildConfiguration section */

/* Begin XCConfigurationList section */
		AA00000000000000000070 /* Build configuration list for PBXProject "BestKeyboard" */ = {
			isa = XCConfigurationList;
			buildConfigurations = (
				AA00000000000000000080 /* Debug */,
				AA00000000000000000081 /* Release */,
			);
			defaultConfigurationIsVisible = 0;
			defaultConfigurationName = Release;
		};
		AA00000000000000000071 /* Build configuration list for PBXNativeTarget "BestKeyboard" */ = {
			isa = XCConfigurationList;
			buildConfigurations = (
				AA00000000000000000082 /* Debug */,
				AA00000000000000000083 /* Release */,
			);
			defaultConfigurationIsVisible = 0;
			defaultConfigurationName = Release;
		};
		AA00000000000000000072 /* Build configuration list for PBXNativeTarget "BestKeyboardExtension" */ = {
			isa = XCConfigurationList;
			buildConfigurations = (
				AA00000000000000000084 /* Debug */,
				AA00000000000000000085 /* Release */,
			);
			defaultConfigurationIsVisible = 0;
			defaultConfigurationName = Release;
		};
		AA00000000000000000073 /* Build configuration list for PBXNativeTarget "BestKeyboardUITests" */ = {
			isa = XCConfigurationList;
			buildConfigurations = (
				AA00000000000000000086 /* Debug */,
				AA00000000000000000087 /* Release */,
			);
			defaultConfigurationIsVisible = 0;
			defaultConfigurationName = Release;
		};
/* End XCConfigurationList section */

/* Begin XCLocalSwiftPackageReference section */
		AA00000000000000000090 /* XCLocalSwiftPackageReference "../Packages/KeyboardCore" */ = {
			isa = XCLocalSwiftPackageReference;
			relativePath = ../Packages/KeyboardCore;
		};
/* End XCLocalSwiftPackageReference section */

/* Begin XCSwiftPackageProductDependency section */
		AA00000000000000000092 /* KeyboardCore */ = {
			isa = XCSwiftPackageProductDependency;
			productName = KeyboardCore;
		};
		AA00000000000000000095 /* KeyboardCore */ = {
			isa = XCSwiftPackageProductDependency;
			productName = KeyboardCore;
		};
/* End XCSwiftPackageProductDependency section */
	};
	rootObject = AA00000000000000000001 /* Project object */;
}
